<Solution>
  <Configurations>
    <Platform Name="x64" />
    <Platform Name="x86" />
  </Configurations>
  <Folder Name="/解决方案项/">
    <File Path="vcpkg.json" />
  </Folder>
  <Project Path="../../mimalloc/ide/vs2022/mimalloc-lib.vcxproj" Id="abb5eae7-b3e6-432e-b636-333449892ea6" />
  <Project Path="rdc/rdc.vcxproj" Id="e49f8de1-2a18-4989-a24d-a04bc5408611" />
</Solution>
